
Microsoft Visual Studio Solution File, Format Version 12.00
# Visual Studio Version 16
VisualStudioVersion = 16.0.30523.141
MinimumVisualStudioVersion = 10.0.40219.1
Project("{FAE04EC0-301F-11D3-BF4B-00C04F79EFBC}") = "Trivial", "Trivial.csproj", "{76172819-928D-4057-B5B8-DE86044ADCDC}"
EndProject
Project("{2150E333-8FDC-42A3-9474-1A3956D46DE8}") = "Solution Items", "Solution Items", "{24D5F129-AC70-451C-BB4D-B96D1268B319}"
EndProject
Global
	GlobalSection(SolutionConfigurationPlatforms) = preSolution
		Debug|Any CPU = Debug|Any CPU
		Release|Any CPU = Release|Any CPU
	EndGlobalSection
	GlobalSection(ProjectConfigurationPlatforms) = postSolution
		{76172819-928D-4057-B5B8-DE86044ADCDC}.Debug|Any CPU.ActiveCfg = Debug|Any CPU
		{76172819-928D-4057-B5B8-DE86044ADCDC}.Debug|Any CPU.Build.0 = Debug|Any CPU
		{76172819-928D-4057-B5B8-DE86044ADCDC}.Release|Any CPU.ActiveCfg = Release|Any CPU
		{76172819-928D-4057-B5B8-DE86044ADCDC}.Release|Any CPU.Build.0 = Release|Any CPU
	EndGlobalSection
	GlobalSection(SolutionProperties) = preSolution
		HideSolutionNode = FALSE
	EndGlobalSection
	GlobalSection(ExtensibilityGlobals) = postSolution
		SolutionGuid = {A8593776-9304-4864-84DC-9647631EA4C4}
	EndGlobalSection
EndGlobal
